
Microsoft Visual Studio Solution File, Format Version 12.00
# Visual Studio 15
VisualStudioVersion = 15.0.26430.16
MinimumVisualStudioVersion = 10.0.40219.1
Project("{FAE04EC0-301F-11D3-BF4B-00C04F79EFBC}") = "VinylStore", "VinylStore\VinylStore.csproj", "{0E38DC9E-2CCC-461F-9C38-D9A5BFA41D28}"
EndProject
Project("{FAE04EC0-301F-11D3-BF4B-00C04F79EFBC}") = "VinylStore.Tests", "VinylStore.Tests\VinylStore.Tests.csproj", "{E5162C0C-44B0-44C2-8013-A78E981BB881}"
EndProject
Global
	GlobalSection(SolutionConfigurationPlatforms) = preSolution
		Debug|Any CPU = Debug|Any CPU
		Release|Any CPU = Release|Any CPU
	EndGlobalSection
	GlobalSection(ProjectConfigurationPlatforms) = postSolution
		{0E38DC9E-2CCC-461F-9C38-D9A5BFA41D28}.Debug|Any CPU.ActiveCfg = Debug|Any CPU
		{0E38DC9E-2CCC-461F-9C38-D9A5BFA41D28}.Debug|Any CPU.Build.0 = Debug|Any CPU
		{0E38DC9E-2CCC-461F-9C38-D9A5BFA41D28}.Release|Any CPU.ActiveCfg = Release|Any CPU
		{0E38DC9E-2CCC-461F-9C38-D9A5BFA41D28}.Release|Any CPU.Build.0 = Release|Any CPU
		{E5162C0C-44B0-44C2-8013-A78E981BB881}.Debug|Any CPU.ActiveCfg = Debug|Any CPU
		{E5162C0C-44B0-44C2-8013-A78E981BB881}.Debug|Any CPU.Build.0 = Debug|Any CPU
		{E5162C0C-44B0-44C2-8013-A78E981BB881}.Release|Any CPU.ActiveCfg = Release|Any CPU
		{E5162C0C-44B0-44C2-8013-A78E981BB881}.Release|Any CPU.Build.0 = Release|Any CPU
	EndGlobalSection
	GlobalSection(SolutionProperties) = preSolution
		HideSolutionNode = FALSE
	EndGlobalSection
EndGlobal
